
Microsoft Visual Studio Solution File, Format Version 11.00
# Visual Studio 2010
Project("{FAE04EC0-301F-11D3-BF4B-00C04F79EFBC}") = "ApplicationLayer", "ApplicationLayer\ApplicationLayer.csproj", "{2F506BC5-5487-41F5-AD47-FB6E1CC50193}"
EndProject
Project("{FAE04EC0-301F-11D3-BF4B-00C04F79EFBC}") = "DataLayer", "DataLayer\DataLayer.csproj", "{3132F5EC-E2EB-4432-950D-700C8246647E}"
EndProject
Project("{FAE04EC0-301F-11D3-BF4B-00C04F79EFBC}") = "BusinessLayer", "BusinessLayer\BusinessLayer.csproj", "{3559C034-E490-4B44-9B97-DC7E64A18BDD}"
EndProject
Project("{FAE04EC0-301F-11D3-BF4B-00C04F79EFBC}") = "Framework", "Framework\Framework.csproj", "{40A10EC8-6E4F-499E-820C-4DDD9148805F}"
EndProject
Project("{FAE04EC0-301F-11D3-BF4B-00C04F79EFBC}") = "ServiceProxies", "ServiceProxies\ServiceProxies.csproj", "{3737D40A-B062-4382-96E8-0D1B06576B7A}"
	ProjectSection(ProjectDependencies) = postProject
		{F80C7788-BF2E-4516-852D-AB725EF62170} = {F80C7788-BF2E-4516-852D-AB725EF62170}
	EndProjectSection
EndProject
Project("{FAE04EC0-301F-11D3-BF4B-00C04F79EFBC}") = "Services", "Services\Services.csproj", "{F80C7788-BF2E-4516-852D-AB725EF62170}"
EndProject
Global
	GlobalSection(SolutionConfigurationPlatforms) = preSolution
		Debug|Any CPU = Debug|Any CPU
		Release|Any CPU = Release|Any CPU
	EndGlobalSection
	GlobalSection(ProjectConfigurationPlatforms) = postSolution
		{2F506BC5-5487-41F5-AD47-FB6E1CC50193}.Debug|Any CPU.ActiveCfg = Debug|Any CPU
		{2F506BC5-5487-41F5-AD47-FB6E1CC50193}.Debug|Any CPU.Build.0 = Debug|Any CPU
		{2F506BC5-5487-41F5-AD47-FB6E1CC50193}.Release|Any CPU.ActiveCfg = Release|Any CPU
		{2F506BC5-5487-41F5-AD47-FB6E1CC50193}.Release|Any CPU.Build.0 = Release|Any CPU
		{3132F5EC-E2EB-4432-950D-700C8246647E}.Debug|Any CPU.ActiveCfg = Debug|Any CPU
		{3132F5EC-E2EB-4432-950D-700C8246647E}.Debug|Any CPU.Build.0 = Debug|Any CPU
		{3132F5EC-E2EB-4432-950D-700C8246647E}.Release|Any CPU.ActiveCfg = Release|Any CPU
		{3132F5EC-E2EB-4432-950D-700C8246647E}.Release|Any CPU.Build.0 = Release|Any CPU
		{3559C034-E490-4B44-9B97-DC7E64A18BDD}.Debug|Any CPU.ActiveCfg = Debug|Any CPU
		{3559C034-E490-4B44-9B97-DC7E64A18BDD}.Debug|Any CPU.Build.0 = Debug|Any CPU
		{3559C034-E490-4B44-9B97-DC7E64A18BDD}.Release|Any CPU.ActiveCfg = Release|Any CPU
		{3559C034-E490-4B44-9B97-DC7E64A18BDD}.Release|Any CPU.Build.0 = Release|Any CPU
		{40A10EC8-6E4F-499E-820C-4DDD9148805F}.Debug|Any CPU.ActiveCfg = Debug|Any CPU
		{40A10EC8-6E4F-499E-820C-4DDD9148805F}.Debug|Any CPU.Build.0 = Debug|Any CPU
		{40A10EC8-6E4F-499E-820C-4DDD9148805F}.Release|Any CPU.ActiveCfg = Release|Any CPU
		{40A10EC8-6E4F-499E-820C-4DDD9148805F}.Release|Any CPU.Build.0 = Release|Any CPU
		{3737D40A-B062-4382-96E8-0D1B06576B7A}.Debug|Any CPU.ActiveCfg = Debug|Any CPU
		{3737D40A-B062-4382-96E8-0D1B06576B7A}.Debug|Any CPU.Build.0 = Debug|Any CPU
		{3737D40A-B062-4382-96E8-0D1B06576B7A}.Release|Any CPU.ActiveCfg = Release|Any CPU
		{3737D40A-B062-4382-96E8-0D1B06576B7A}.Release|Any CPU.Build.0 = Release|Any CPU
		{F80C7788-BF2E-4516-852D-AB725EF62170}.Debug|Any CPU.ActiveCfg = Debug|Any CPU
		{F80C7788-BF2E-4516-852D-AB725EF62170}.Debug|Any CPU.Build.0 = Debug|Any CPU
		{F80C7788-BF2E-4516-852D-AB725EF62170}.Release|Any CPU.ActiveCfg = Release|Any CPU
		{F80C7788-BF2E-4516-852D-AB725EF62170}.Release|Any CPU.Build.0 = Release|Any CPU
	EndGlobalSection
	GlobalSection(SolutionProperties) = preSolution
		HideSolutionNode = FALSE
	EndGlobalSection
EndGlobal
